
Microsoft Visual Studio Solution File, Format Version 12.00
# Visual Studio Version 16
VisualStudioVersion = 16.0.31624.102
MinimumVisualStudioVersion = 10.0.40219.1
Project("{FAE04EC0-301F-11D3-BF4B-00C04F79EFBC}") = "APIMetasisLP", "APIMetasisLP\APIMetasisLP.csproj", "{1798A5F2-9821-4FA1-ADF6-29F57567592C}"
EndProject
Global
	GlobalSection(SolutionConfigurationPlatforms) = preSolution
		Debug|Any CPU = Debug|Any CPU
		Release|Any CPU = Release|Any CPU
	EndGlobalSection
	GlobalSection(ProjectConfigurationPlatforms) = postSolution
		{1798A5F2-9821-4FA1-ADF6-29F57567592C}.Debug|Any CPU.ActiveCfg = Debug|Any CPU
		{1798A5F2-9821-4FA1-ADF6-29F57567592C}.Debug|Any CPU.Build.0 = Debug|Any CPU
		{1798A5F2-9821-4FA1-ADF6-29F57567592C}.Release|Any CPU.ActiveCfg = Release|Any CPU
		{1798A5F2-9821-4FA1-ADF6-29F57567592C}.Release|Any CPU.Build.0 = Release|Any CPU
	EndGlobalSection
	GlobalSection(SolutionProperties) = preSolution
		HideSolutionNode = FALSE
	EndGlobalSection
	GlobalSection(ExtensibilityGlobals) = postSolution
		SolutionGuid = {BC608995-0DCB-40D4-9724-749E6B83D006}
	EndGlobalSection
EndGlobal
